// !$*UTF8*$!
{
	archiveVersion = 1;
	classes = {
	};
	objectVersion = 50;
	objects = {

/* Begin PBXBuildFile section */
		1037FF7D21246E1D00A7FBC4 /* AppDelegate.swift in Sources */ = {isa = PBXBuildFile; fileRef = 1037FF7C21246E1D00A7FBC4 /* AppDelegate.swift */; };
		1037FF7F21246E1D00A7FBC4 /* ViewController.swift in Sources */ = {isa = PBXBuildFile; fileRef = 1037FF7E21246E1D00A7FBC4 /* ViewController.swift */; };
		1037FF8221246E1D00A7FBC4 /* Main.storyboard in Resources */ = {isa = PBXBuildFile; fileRef = 1037FF8021246E1D00A7FBC4 /* Main.storyboard */; };
		1037FF8521246E1D00A7FBC4 /* Sismos.xcdatamodeld in Sources */ = {isa = PBXBuildFile; fileRef = 1037FF8321246E1D00A7FBC4 /* Sismos.xcdatamodeld */; };
		1037FF8721246E1F00A7FBC4 /* Assets.xcassets in Resources */ = {isa = PBXBuildFile; fileRef = 1037FF8621246E1F00A7FBC4 /* Assets.xcassets */; };
		1037FF8A21246E1F00A7FBC4 /* LaunchScreen.storyboard in Resources */ = {isa = PBXBuildFile; fileRef = 1037FF8821246E1F00A7FBC4 /* LaunchScreen.storyboard */; };
/* End PBXBuildFile section */

/* Begin PBXFileReference section */
		1037FF7921246E1D00A7FBC4 /* Sismos.app */ = {isa = PBXFileReference; explicitFileType = wrapper.application; includeInIndex = 0; path = Sismos.app; sourceTree = BUILT_PRODUCTS_DIR; };
		1037FF7C21246E1D00A7FBC4 /* AppDelegate.swift */ = {isa = PBXFileReference; lastKnownFileType = sourcecode.swift; path = AppDelegate.swift; sourceTree = "<group>"; };
		1037FF7E21246E1D00A7FBC4 /* ViewController.swift */ = {isa = PBXFileReference; lastKnownFileType = sourcecode.swift; path = ViewController.swift; sourceTree = "<group>"; };
		1037FF8121246E1D00A7FBC4 /* Base */ = {isa = PBXFileReference; lastKnownFileType = file.storyboard; name = Base; path = Base.lproj/Main.storyboard; sourceTree = "<group>"; };
		1037FF8421246E1D00A7FBC4 /* Sismos.xcdatamodel */ = {isa = PBXFileReference; lastKnownFileType = wrapper.xcdatamodel; path = Sismos.xcdatamodel; sourceTree = "<group>"; };
		1037FF8621246E1F00A7FBC4 /* Assets.xcassets */ = {isa = PBXFileReference; lastKnownFileType = folder.assetcatalog; path = Assets.xcassets; sourceTree = "<group>"; };
		1037FF8921246E1F00A7FBC4 /* Base */ = {isa = PBXFileReference; lastKnownFileType = file.storyboard; name = Base; path = Base.lproj/LaunchScreen.storyboard; sourceTree = "<group>"; };
		1037FF8B21246E1F00A7FBC4 /* Info.plist */ = {isa = PBXFileReference; lastKnownFileType = text.plist.xml; path = Info.plist; sourceTree = "<group>"; };
/* End PBXFileReference section */

/* Begin PBXFrameworksBuildPhase section */
		1037FF7621246E1D00A7FBC4 /* Frameworks */ = {
			isa = PBXFrameworksBuildPhase;
			buildActionMask = 2147483647;
			files = (
			);
			runOnlyForDeploymentPostprocessing = 0;
		};
/* End PBXFrameworksBuildPhase section */

/* Begin PBXGroup section */
		1037FF7021246E1D00A7FBC4 = {
			isa = PBXGroup;
			children = (
				1037FF7B21246E1D00A7FBC4 /* Sismos */,
				1037FF7A21246E1D00A7FBC4 /* Products */,
			);
			sourceTree = "<group>";
		};
		1037FF7A21246E1D00A7FBC4 /* Products */ = {
			isa = PBXGroup;
			children = (
				1037FF7921246E1D00A7FBC4 /* Sismos.app */,
			);
			name = Products;
			sourceTree = "<group>";
		};
		1037FF7B21246E1D00A7FBC4 /* Sismos */ = {
			isa = PBXGroup;
			children = (
				1037FF7C21246E1D00A7FBC4 /* AppDelegate.swift */,
				1037FF7E21246E1D00A7FBC4 /* ViewController.swift */,
				1037FF8021246E1D00A7FBC4 /* Main.storyboard */,
				1037FF8621246E1F00A7FBC4 /* Assets.xcassets */,
				1037FF8821246E1F00A7FBC4 /* LaunchScreen.storyboard */,
				1037FF8B21246E1F00A7FBC4 /* Info.plist */,
				1037FF8321246E1D00A7FBC4 /* Sismos.xcdatamodeld */,
			);
			path = Sismos;
			sourceTree = "<group>";
		};
/* End PBXGroup section */

/* Begin PBXNativeTarget section */
		1037FF7821246E1D00A7FBC4 /* Sismos */ = {
			isa = PBXNativeTarget;
			buildConfigurationList = 1037FF8E21246E1F00A7FBC4 /* Build configuration list for PBXNativeTarget "Sismos" */;
			buildPhases = (
				1037FF7521246E1D00A7FBC4 /* Sources */,
				1037FF7621246E1D00A7FBC4 /* Frameworks */,
				1037FF7721246E1D00A7FBC4 /* Resources */,
			);
			buildRules = (
			);
			dependencies = (
			);
			name = Sismos;
			productName = Sismos;
			productReference = 1037FF7921246E1D00A7FBC4 /* Sismos.app */;
			productType = "com.apple.product-type.application";
		};
/* End PBXNativeTarget section */

/* Begin PBXProject section */
		1037FF7121246E1D00A7FBC4 /* Project object */ = {
			isa = PBXProject;
			attributes = {
				LastSwiftUpdateCheck = 0940;
				LastUpgradeCheck = 0940;
				ORGANIZATIONNAME = "Iree García";
				TargetAttributes = {
					1037FF7821246E1D00A7FBC4 = {
						CreatedOnToolsVersion = 9.4.1;
					};
				};
			};
			buildConfigurationList = 1037FF7421246E1D00A7FBC4 /* Build configuration list for PBXProject "Sismos" */;
			compatibilityVersion = "Xcode 9.3";
			developmentRegion = en;
			hasScannedForEncodings = 0;
			knownRegions = (
				en,
				Base,
			);
			mainGroup = 1037FF7021246E1D00A7FBC4;
			productRefGroup = 1037FF7A21246E1D00A7FBC4 /* Products */;
			projectDirPath = "";
			projectRoot = "";
			targets = (
				1037FF7821246E1D00A7FBC4 /* Sismos */,
			);
		};
/* End PBXProject section */

/* Begin PBXResourcesBuildPhase section */
		1037FF7721246E1D00A7FBC4 /* Resources */ = {
			isa = PBXResourcesBuildPhase;
			buildActionMask = 2147483647;
			files = (
				1037FF8A21246E1F00A7FBC4 /* LaunchScreen.storyboard in Resources */,
				1037FF8721246E1F00A7FBC4 /* Assets.xcassets in Resources */,
				1037FF8221246E1D00A7FBC4 /* Main.storyboard in Resources */,
			);
			runOnlyForDeploymentPostprocessing = 0;
		};
/* End PBXResourcesBuildPhase section */

/* Begin PBXSourcesBuildPhase section */
		1037FF7521246E1D00A7FBC4 /* Sources */ = {
			isa = PBXSourcesBuildPhase;
			buildActionMask = 2147483647;
			files = (
				1037FF8521246E1D00A7FBC4 /* Sismos.xcdatamodeld in Sources */,
				1037FF7F21246E1D00A7FBC4 /* ViewController.swift in Sources */,
				1037FF7D21246E1D00A7FBC4 /* AppDelegate.swift in Sources */,
			);
			runOnlyForDeploymentPostprocessing = 0;
		};
/* End PBXSourcesBuildPhase section */

/* Begin PBXVariantGroup section */
		1037FF8021246E1D00A7FBC4 /* Main.storyboard */ = {
			isa = PBXVariantGroup;
			children = (
				1037FF8121246E1D00A7FBC4 /* Base */,
			);
			name = Main.storyboard;
			sourceTree = "<group>";
		};
		1037FF8821246E1F00A7FBC4 /* LaunchScreen.storyboard */ = {
			isa = PBXVariantGroup;
			children = (
				1037FF8921246E1F00A7FBC4 /* Base */,
			);
			name = LaunchScreen.storyboard;
			sourceTree = "<group>";
		};
/* End PBXVariantGroup section */

/* Begin XCBuildConfiguration section */
		1037FF8C21246E1F00A7FBC4 /* Debug */ = {
			isa = XCBuildConfiguration;
			buildSettings = {
				ALWAYS_SEARCH_USER_PATHS = NO;
				CLANG_ANALYZER_NONNULL = YES;
				CLANG_ANALYZER_NUMBER_OBJECT_CONVERSION = YES_AGGRESSIVE;
				CLANG_CXX_LANGUAGE_STANDARD = "gnu++14";
				CLANG_CXX_LIBRARY = "libc++";
				CLANG_ENABLE_MODULES = YES;
				CLANG_ENABLE_OBJC_ARC = YES;
				CLANG_ENABLE_OBJC_WEAK = YES;
				CLANG_WARN_BLOCK_CAPTURE_AUTORELEASING = YES;
				CLANG_WARN_BOOL_CONVERSION = YES;
				CLANG_WARN_COMMA = YES;
				CLANG_WARN_CONSTANT_CONVERSION = YES;
				CLANG_WARN_DEPRECATED_OBJC_IMPLEMENTATIONS = YES;
				CLANG_WARN_DIRECT_OBJC_ISA_USAGE = YES_ERROR;
				CLANG_WARN_DOCUMENTATION_COMMENTS = YES;
				CLANG_WARN_EMPTY_BODY = YES;
				CLANG_WARN_ENUM_CONVERSION = YES;
				CLANG_WARN_INFINITE_RECURSION = YES;
				CLANG_WARN_INT_CONVERSION = YES;
				CLANG_WARN_NON_LITERAL_NULL_CONVERSION = YES;
				CLANG_WARN_OBJC_IMPLICIT_RETAIN_SELF = YES;
				CLANG_WARN_OBJC_LITERAL_CONVERSION = YES;
				CLANG_WARN_OBJC_ROOT_CLASS = YES_ERROR;
				CLANG_WARN_RANGE_LOOP_ANALYSIS = YES;
				CLANG_WARN_STRICT_PROTOTYPES = YES;
				CLANG_WARN_SUSPICIOUS_MOVE = YES;
				CLANG_WARN_UNGUARDED_AVAILABILITY = YES_AGGRESSIVE;
				CLANG_WARN_UNREACHABLE_CODE = YES;
				CLANG_WARN__DUPLICATE_METHOD_MATCH = YES;
				CODE_SIGN_IDENTITY = "iPhone Developer";
				COPY_PHASE_STRIP = NO;
				DEBUG_INFORMATION_FORMAT = dwarf;
				ENABLE_STRICT_OBJC_MSGSEND = YES;
				ENABLE_TESTABILITY = YES;
				GCC_C_LANGUAGE_STANDARD = gnu11;
				GCC_DYNAMIC_NO_PIC = NO;
				GCC_NO_COMMON_BLOCKS = YES;
				GCC_OPTIMIZATION_LEVEL = 0;
				GCC_PREPROCESSOR_DEFINITIONS = (
					"DEBUG=1",
					"$(inherited)",
				);
				GCC_WARN_64_TO_32_BIT_CONVERSION = YES;
				GCC_WARN_ABOUT_RETURN_TYPE = YES_ERROR;
				GCC_WARN_UNDECLARED_SELECTOR = YES;
				GCC_WARN_UNINITIALIZED_AUTOS = YES_AGGRESSIVE;
				GCC_WARN_UNUSED_FUNCTION = YES;
				GCC_WARN_UNUSED_VARIABLE = YES;
				IPHONEOS_DEPLOYMENT_TARGET = 11.4;
				MTL_ENABLE_DEBUG_INFO = YES;
				ONLY_ACTIVE_ARCH = YES;
				SDKROOT = iphoneos;
				SWIFT_ACTIVE_COMPILATION_CONDITIONS = DEBUG;
				SWIFT_OPTIMIZATION_LEVEL = "-Onone";
			};
			name = Debug;
		};
		1037FF8D21246E1F00A7FBC4 /* Release */ = {
			isa = XCBuildConfiguration;
			buildSettings = {
				ALWAYS_SEARCH_USER_PATHS = NO;
				CLANG_ANALYZER_NONNULL = YES;
				CLANG_ANALYZER_NUMBER_OBJECT_CONVERSION = YES_AGGRESSIVE;
				CLANG_CXX_LANGUAGE_STANDARD = "gnu++14";
				CLANG_CXX_LIBRARY = "libc++";
				CLANG_ENABLE_MODULES = YES;
				CLANG_ENABLE_OBJC_ARC = YES;
				CLANG_ENABLE_OBJC_WEAK = YES;
				CLANG_WARN_BLOCK_CAPTURE_AUTORELEASING = YES;
				CLANG_WARN_BOOL_CONVERSION = YES;
				CLANG_WARN_COMMA = YES;
				CLANG_WARN_CONSTANT_CONVERSION = YES;
				CLANG_WARN_DEPRECATED_OBJC_IMPLEMENTATIONS = YES;
				CLANG_WARN_DIRECT_OBJC_ISA_USAGE = YES_ERROR;
				CLANG_WARN_DOCUMENTATION_COMMENTS = YES;
				CLANG_WARN_EMPTY_BODY = YES;
				CLANG_WARN_ENUM_CONVERSION = YES;
				CLANG_WARN_INFINITE_RECURSION = YES;
				CLANG_WARN_INT_CONVERSION = YES;
				CLANG_WARN_NON_LITERAL_NULL_CONVERSION = YES;
				CLANG_WARN_OBJC_IMPLICIT_RETAIN_SELF = YES;
				CLANG_WARN_OBJC_LITERAL_CONVERSION = YES;
				CLANG_WARN_OBJC_ROOT_CLASS = YES_ERROR;
				CLANG_WARN_RANGE_LOOP_ANALYSIS = YES;
				CLANG_WARN_STRICT_PROTOTYPES = YES;
				CLANG_WARN_SUSPICIOUS_MOVE = YES;
				CLANG_WARN_UNGUARDED_AVAILABILITY = YES_AGGRESSIVE;
				CLANG_WARN_UNREACHABLE_CODE = YES;
				CLANG_WARN__DUPLICATE_METHOD_MATCH = YES;
				CODE_SIGN_IDENTITY = "iPhone Developer";
				COPY_PHASE_STRIP = NO;
				DEBUG_INFORMATION_FORMAT = "dwarf-with-dsym";
				ENABLE_NS_ASSERTIONS = NO;
				ENABLE_STRICT_OBJC_MSGSEND = YES;
				GCC_C_LANGUAGE_STANDARD = gnu11;
				GCC_NO_COMMON_BLOCKS = YES;
				GCC_WARN_64_TO_32_BIT_CONVERSION = YES;
				GCC_WARN_ABOUT_RETURN_TYPE = YES_ERROR;
				GCC_WARN_UNDECLARED_SELECTOR = YES;
				GCC_WARN_UNINITIALIZED_AUTOS = YES_AGGRESSIVE;
				GCC_WARN_UNUSED_FUNCTION = YES;
				GCC_WARN_UNUSED_VARIABLE = YES;
				IPHONEOS_DEPLOYMENT_TARGET = 11.4;
				MTL_ENABLE_DEBUG_INFO = NO;
				SDKROOT = iphoneos;
				SWIFT_COMPILATION_MODE = wholemodule;
				SWIFT_OPTIMIZATION_LEVEL = "-O";
				VALIDATE_PRODUCT = YES;
			};
			name = Release;
		};
		1037FF8F21246E1F00A7FBC4 /* Debug */ = {
			isa = XCBuildConfiguration;
			buildSettings = {
				ASSETCATALOG_COMPILER_APPICON_NAME = AppIcon;
				CODE_SIGN_STYLE = Automatic;
				INFOPLIST_FILE = Sismos/Info.plist;
				LD_RUNPATH_SEARCH_PATHS = (
					"$(inherited)",
					"@executable_path/Frameworks",
				);
				PRODUCT_BUNDLE_IDENTIFIER = iree.Sismos;
				PRODUCT_NAME = "$(TARGET_NAME)";
				SWIFT_VERSION = 4.0;
				TARGETED_DEVICE_FAMILY = "1,2";
			};
			name = Debug;
		};
		1037FF9021246E1F00A7FBC4 /* Release */ = {
			isa = XCBuildConfiguration;
			buildSettings = {
				ASSETCATALOG_COMPILER_APPICON_NAME = AppIcon;
				CODE_SIGN_STYLE = Automatic;
				INFOPLIST_FILE = Sismos/Info.plist;
				LD_RUNPATH_SEARCH_PATHS = (
					"$(inherited)",
					"@executable_path/Frameworks",
				);
				PRODUCT_BUNDLE_IDENTIFIER = iree.Sismos;
				PRODUCT_NAME = "$(TARGET_NAME)";
				SWIFT_VERSION = 4.0;
				TARGETED_DEVICE_FAMILY = "1,2";
			};
			name = Release;
		};
/* End XCBuildConfiguration section */

/* Begin XCConfigurationList section */
		1037FF7421246E1D00A7FBC4 /* Build configuration list for PBXProject "Sismos" */ = {
			isa = XCConfigurationList;
			buildConfigurations = (
				1037FF8C21246E1F00A7FBC4 /* Debug */,
				1037FF8D21246E1F00A7FBC4 /* Release */,
			);
			defaultConfigurationIsVisible = 0;
			defaultConfigurationName = Release;
		};
		1037FF8E21246E1F00A7FBC4 /* Build configuration list for PBXNativeTarget "Sismos" */ = {
			isa = XCConfigurationList;
			buildConfigurations = (
				1037FF8F21246E1F00A7FBC4 /* Debug */,
				1037FF9021246E1F00A7FBC4 /* Release */,
			);
			defaultConfigurationIsVisible = 0;
			defaultConfigurationName = Release;
		};
/* End XCConfigurationList section */

/* Begin XCVersionGroup section */
		1037FF8321246E1D00A7FBC4 /* Sismos.xcdatamodeld */ = {
			isa = XCVersionGroup;
			children = (
				1037FF8421246E1D00A7FBC4 /* Sismos.xcdatamodel */,
			);
			currentVersion = 1037FF8421246E1D00A7FBC4 /* Sismos.xcdatamodel */;
			path = Sismos.xcdatamodeld;
			sourceTree = "<group>";
			versionGroupType = wrapper.xcdatamodel;
		};
/* End XCVersionGroup section */
	};
	rootObject = 1037FF7121246E1D00A7FBC4 /* Project object */;
}
